lockfileVersion: '6.0'

settings:
  autoInstallPeers: true
  excludeLinksFromLockfile: false

dependencies:
  '@actions/core':
    specifier: 1.9.1
    version: 1.9.1
  '@actions/github':
    specifier: 4.0.0
    version: 4.0.0

devDependencies:
  '@octokit/types':
    specifier: 5.5.0
    version: 5.5.0
  '@types/eslint':
    specifier: 7.2.3
    version: 7.2.3
  '@types/node':
    specifier: ^14.14.6
    version: 14.14.6
  '@vercel/ncc':
    specifier: ^0.25.1
    version: 0.25.1
  husky:
    specifier: ^5.0.0-beta.0
    version: 5.0.0-beta.0
  typescript:
    specifier: 4.0.3
    version: 4.0.3

packages:

  /@actions/core@1.9.1:
    resolution: {integrity: sha512-5ad+U2YGrmmiw6du20AQW5XuWo7UKN2052FjSV7MX+Wfjf8sCqcsZe62NfgHys4QI4/Y+vQvLKYL8jWtA1ZBTA==}
    dependencies:
      '@actions/http-client': 2.1.0
      uuid: 8.3.2
    dev: false

  /@actions/github@4.0.0:
    resolution: {integrity: sha512-Ej/Y2E+VV6sR9X7pWL5F3VgEWrABaT292DRqRU6R4hnQjPtC/zD3nagxVdXWiRQvYDh8kHXo7IDmG42eJ/dOMA==}
    dependencies:
      '@actions/http-client': 1.0.8
      '@octokit/core': 3.1.2
      '@octokit/plugin-paginate-rest': 2.3.1(@octokit/core@3.1.2)
      '@octokit/plugin-rest-endpoint-methods': 4.1.3
    dev: false

  /@actions/http-client@1.0.8:
    resolution: {integrity: sha512-G4JjJ6f9Hb3Zvejj+ewLLKLf99ZC+9v+yCxoYf9vSyH+WkzPLB2LuUtRMGNkooMqdugGBFStIKXOuvH1W+EctA==}
    dependencies:
      tunnel: 0.0.6
    dev: false

  /@actions/http-client@2.1.0:
    resolution: {integrity: sha512-BonhODnXr3amchh4qkmjPMUO8mFi/zLaaCeCAJZqch8iQqyDnVIkySjB38VHAC8IJ+bnlgfOqlhpyCUZHlQsqw==}
    dependencies:
      tunnel: 0.0.6
    dev: false

  /@octokit/auth-token@2.4.2:
    resolution: {integrity: sha512-jE/lE/IKIz2v1+/P0u4fJqv0kYwXOTujKemJMFr6FeopsxlIK3+wKDCJGnysg81XID5TgZQbIfuJ5J0lnTiuyQ==}
    dependencies:
      '@octokit/types': 5.4.1
    dev: false

  /@octokit/core@3.1.2:
    resolution: {integrity: sha512-AInOFULmwOa7+NFi9F8DlDkm5qtZVmDQayi7TUgChE3yeIGPq0Y+6cAEXPexQ3Ea+uZy66hKEazR7DJyU+4wfw==}
    dependencies:
      '@octokit/auth-token': 2.4.2
      '@octokit/graphql': 4.5.4
      '@octokit/request': 5.4.7
      '@octokit/types': 5.4.1
      before-after-hook: 2.1.0
      universal-user-agent: 6.0.0
    dev: false

  /@octokit/endpoint@6.0.5:
    resolution: {integrity: sha512-70K5u6zd45ItOny6aHQAsea8HHQjlQq85yqOMe+Aj8dkhN2qSJ9T+Q3YjUjEYfPRBcuUWNgMn62DQnP/4LAIiQ==}
    dependencies:
      '@octokit/types': 5.4.1
      is-plain-object: 4.1.1
      universal-user-agent: 6.0.0
    dev: false

  /@octokit/graphql@4.5.4:
    resolution: {integrity: sha512-ITpZ+dQc0cXAW1FmDkHJJM+8Lb6anUnin0VB5hLBilnYVdLC0ICFU/KIvT7OXfW9S81DE3U4Vx2EypDG1OYaPA==}
    dependencies:
      '@octokit/request': 5.4.7
      '@octokit/types': 5.4.1
      universal-user-agent: 6.0.0
    dev: false

  /@octokit/plugin-paginate-rest@2.3.1(@octokit/core@3.1.2):
    resolution: {integrity: sha512-81A+ONLpcSX7vWxnEmVZteQPNsbdeScSVUqjgMYPSk1trzG69iYkhS42wPRWtN0nYw6OEmT48DNeQCjHeyroYw==}
    peerDependencies:
      '@octokit/core': '>=3'
    dependencies:
      '@octokit/core': 3.1.2
      '@octokit/types': 5.4.1
    dev: false

  /@octokit/plugin-rest-endpoint-methods@4.1.3:
    resolution: {integrity: sha512-az3seq9yuc0OXlNLrZ0fWTNbFuL4sN8GN1sLmovELg3+LnpWmOs3GAn2KGa6E7SKMgpCuFvJwvsHEfYasTHUxQ==}
    dependencies:
      '@octokit/types': 5.4.1
      deprecation: 2.3.1
    dev: false

  /@octokit/request-error@2.0.2:
    resolution: {integrity: sha512-2BrmnvVSV1MXQvEkrb9zwzP0wXFNbPJij922kYBTLIlIafukrGOb+ABBT2+c6wZiuyWDH1K1zmjGQ0toN/wMWw==}
    dependencies:
      '@octokit/types': 5.4.1
      deprecation: 2.3.1
      once: 1.4.0
    dev: false

  /@octokit/request@5.4.7:
    resolution: {integrity: sha512-FN22xUDP0i0uF38YMbOfx6TotpcENP5W8yJM1e/LieGXn6IoRxDMnBf7tx5RKSW4xuUZ/1P04NFZy5iY3Rax1A==}
    dependencies:
      '@octokit/endpoint': 6.0.5
      '@octokit/request-error': 2.0.2
      '@octokit/types': 5.4.1
      deprecation: 2.3.1
      is-plain-object: 4.1.1
      node-fetch: 2.6.0
      once: 1.4.0
      universal-user-agent: 6.0.0
    dev: false

  /@octokit/types@5.4.1:
    resolution: {integrity: sha512-OlMlSySBJoJ6uozkr/i03nO5dlYQyE05vmQNZhAh9MyO4DPBP88QlwsDVLmVjIMFssvIZB6WO0ctIGMRG+xsJQ==}
    dependencies:
      '@types/node': 14.6.3
    dev: false

  /@octokit/types@5.5.0:
    resolution: {integrity: sha512-UZ1pErDue6bZNjYOotCNveTXArOMZQFG6hKJfOnGnulVCMcVVi7YIIuuR4WfBhjo7zgpmzn/BkPDnUXtNx+PcQ==}
    dependencies:
      '@types/node': 14.6.3
    dev: true

  /@types/eslint@7.2.3:
    resolution: {integrity: sha512-SPBkpC+awgFfyAn4sjt0JBZ3vzACoSp2zhGBJkkrs09EzPqLbxkzaE8kJs3EsRRgkZwWk9zyXT/swvhnJYX8pQ==}
    dependencies:
      '@types/estree': 0.0.45
      '@types/json-schema': 7.0.6
    dev: true

  /@types/estree@0.0.45:
    resolution: {integrity: sha512-jnqIUKDUqJbDIUxm0Uj7bnlMnRm1T/eZ9N+AVMqhPgzrba2GhGG5o/jCTwmdPK709nEZsGoMzXEDUjcXHa3W0g==}
    dev: true

  /@types/json-schema@7.0.6:
    resolution: {integrity: sha512-3c+yGKvVP5Y9TYBEibGNR+kLtijnj7mYrXRg+WpFb2X9xm04g/DXYkfg4hmzJQosc9snFNUPkbYIhu+KAm6jJw==}
    dev: true

  /@types/node@14.14.6:
    resolution: {integrity: sha512-6QlRuqsQ/Ox/aJEQWBEJG7A9+u7oSYl3mem/K8IzxXG/kAGbV1YPD9Bg9Zw3vyxC/YP+zONKwy8hGkSt1jxFMw==}
    dev: true

  /@types/node@14.6.3:
    resolution: {integrity: sha512-pC/hkcREG6YfDfui1FBmj8e20jFU5Exjw4NYDm8kEdrW+mOh0T1Zve8DWKnS7ZIZvgncrctcNCXF4Q2I+loyww==}

  /@vercel/ncc@0.25.1:
    resolution: {integrity: sha512-dGecC5+1wLof1MQpey4+6i2KZv4Sfs6WfXkl9KfO32GED4ZPiKxRfvtGPjbjZv0IbqMl6CxtcV1RotXYfd5SSA==}
    hasBin: true
    dev: true

  /before-after-hook@2.1.0:
    resolution: {integrity: sha512-IWIbu7pMqyw3EAJHzzHbWa85b6oud/yfKYg5rqB5hNE8CeMi3nX+2C2sj0HswfblST86hpVEOAb9x34NZd6P7A==}
    dev: false

  /deprecation@2.3.1:
    resolution: {integrity: sha512-xmHIy4F3scKVwMsQ4WnVaS8bHOx0DmVwRywosKhaILI0ywMDWPtBSku2HNxRvF7jtwDRsoEwYQSfbxj8b7RlJQ==}
    dev: false

  /husky@5.0.0-beta.0:
    resolution: {integrity: sha512-gemLvVKIeuSuu+xp+hY5DUNjNSNk4YIgdsFhC3Wwv6tpc8VIGNR+0g+5uOpsiNNlAekcaMfO06mwSSokqLAlhQ==}
    engines: {node: '>= 10'}
    hasBin: true
    dev: true

  /is-plain-object@4.1.1:
    resolution: {integrity: sha512-5Aw8LLVsDlZsETVMhoMXzqsXwQqr/0vlnBYzIXJbYo2F4yYlhLHs+Ez7Bod7IIQKWkJbJfxrWD7pA1Dw1TKrwA==}
    engines: {node: '>=0.10.0'}
    dev: false

  /node-fetch@2.6.0:
    resolution: {integrity: sha512-8dG4H5ujfvFiqDmVu9fQ5bOHUC15JMjMY/Zumv26oOvvVJjM67KF8koCWIabKQ1GJIa9r2mMZscBq/TbdOcmNA==}
    engines: {node: 4.x || >=6.0.0}
    dev: false

  /once@1.4.0:
    resolution: {integrity: sha1-WDsap3WWHUsROsF9nFC6753Xa9E=}
    dependencies:
      wrappy: 1.0.2
    dev: false

  /tunnel@0.0.6:
    resolution: {integrity: sha512-1h/Lnq9yajKY2PEbBadPXj3VxsDDu844OnaAo52UVmIzIvwwtBPIuNvkjuzBlTWpfJyUbG3ez0KSBibQkj4ojg==}
    engines: {node: '>=0.6.11 <=0.7.0 || >=0.7.3'}
    dev: false

  /typescript@4.0.3:
    resolution: {integrity: sha512-tEu6DGxGgRJPb/mVPIZ48e69xCn2yRmCgYmDugAVwmJ6o+0u1RI18eO7E7WBTLYLaEVVOhwQmcdhQHweux/WPg==}
    engines: {node: '>=4.2.0'}
    hasBin: true
    dev: true

  /universal-user-agent@6.0.0:
    resolution: {integrity: sha512-isyNax3wXoKaulPDZWHQqbmIx1k2tb9fb3GGDBRxCscfYV2Ch7WxPArBsFEG8s/safwXTT7H4QGhaIkTp9447w==}
    dev: false

  /uuid@8.3.2:
    resolution: {integrity: sha512-+NYs2QeMWy+GWFOEm9xnn6HCDp0l7QBD7ml8zLUmJ+93Q5NF0NocErnwkTkXVFNiX3/fpC6afS8Dhb/gz7R7eg==}
    hasBin: true
    dev: false

  /wrappy@1.0.2:
    resolution: {integrity: sha1-tSQ9jz7BqjXxNkYFvA0QNuMKtp8=}
    dev: false
